
Microsoft Visual Studio Solution File, Format Version 12.00
# Visual Studio Version 16
VisualStudioVersion = 16.0.31005.135
MinimumVisualStudioVersion = 10.0.40219.1
Project("{FAE04EC0-301F-11D3-BF4B-00C04F79EFBC}") = "Banking2", "Banking2\Banking2.csproj", "{3189C64A-7B78-431B-99B1-033055D83D08}"
EndProject
Global
	GlobalSection(SolutionConfigurationPlatforms) = preSolution
		Debug|Any CPU = Debug|Any CPU
		Release|Any CPU = Release|Any CPU
	EndGlobalSection
	GlobalSection(ProjectConfigurationPlatforms) = postSolution
		{3189C64A-7B78-431B-99B1-033055D83D08}.Debug|Any CPU.ActiveCfg = Debug|Any CPU
		{3189C64A-7B78-431B-99B1-033055D83D08}.Debug|Any CPU.Build.0 = Debug|Any CPU
		{3189C64A-7B78-431B-99B1-033055D83D08}.Release|Any CPU.ActiveCfg = Release|Any CPU
		{3189C64A-7B78-431B-99B1-033055D83D08}.Release|Any CPU.Build.0 = Release|Any CPU
	EndGlobalSection
	GlobalSection(SolutionProperties) = preSolution
		HideSolutionNode = FALSE
	EndGlobalSection
	GlobalSection(ExtensibilityGlobals) = postSolution
		SolutionGuid = {28000351-C13F-490D-8726-820C904182D5}
	EndGlobalSection
EndGlobal
